<?xml version="1.0" encoding="utf-8"?>
<Project ToolsVersion="4.0" xmlns="http://schemas.microsoft.com/developer/msbuild/2003">
  <ItemGroup>
    <Filter Include="Source Files">
      <UniqueIdentifier>{4FC737F1-C7A5-4376-A066-2A32D752A2FF}</UniqueIdentifier>
      <Extensions>cpp;c;cc;cxx;def;odl;idl;hpj;bat;asm;asmx</Extensions>
    </Filter>
    <Filter Include="Header Files">
      <UniqueIdentifier>{93995380-89BD-4b04-88EB-625FBE52EBFB}</UniqueIdentifier>
      <Extensions>h;hh;hpp;hxx;hm;inl;inc;ipp;xsd</Extensions>
    </Filter>
    <Filter Include="Resource Files">
      <UniqueIdentifier>{67DA6AB6-F800-4c08-8B7A-83BB121AAD01}</UniqueIdentifier>
      <Extensions>rc;ico;cur;bmp;dlg;rc2;rct;bin;rgs;gif;jpg;jpeg;jpe;resx;tiff;tif;png;wav;mfcribbon-ms</Extensions>
    </Filter>
    <Filter Include="Source Files\Scene%27s">
      <UniqueIdentifier>{58ee0865-901e-4809-b7bf-b4f2acf7670a}</UniqueIdentifier>
    </Filter>
    <Filter Include="Header Files\Scene%27s">
      <UniqueIdentifier>{9fbe4438-7e61-4f1a-9e39-6e3ee891604a}</UniqueIdentifier>
    </Filter>
    <Filter Include="Header Files\Character">
      <UniqueIdentifier>{d7fe6aee-d846-40eb-a0d3-27981ab4b2a1}</UniqueIdentifier>
    </Filter>
    <Filter Include="Header Files\Character\Champions">
      <UniqueIdentifier>{cd8dd72b-8bd6-401b-8697-a40a519f5fce}</UniqueIdentifier>
    </Filter>
    <Filter Include="Header Files\Character\Monster">
      <UniqueIdentifier>{88f7e298-e38e-4f4f-8b85-b7f24a693b90}</UniqueIdentifier>
    </Filter>
    <Filter Include="Source Files\Character">
      <UniqueIdentifier>{9f19184e-762d-439f-a5a4-2cb1da1be7f8}</UniqueIdentifier>
    </Filter>
    <Filter Include="Source Files\Monster">
      <UniqueIdentifier>{9282b6b4-d36d-4938-9977-d58bd580be58}</UniqueIdentifier>
    </Filter>
  </ItemGroup>
  <ItemGroup>
    <ClInclude Include="pch.h">
      <Filter>Header Files</Filter>
    </ClInclude>
    <ClInclude Include="Engine.h">
      <Filter>Header Files</Filter>
    </ClInclude>
    <ClInclude Include="Debug.h">
      <Filter>Header Files</Filter>
    </ClInclude>
    <ClInclude Include="MapCharacter.h">
      <Filter>Header Files</Filter>
    </ClInclude>
    <ClInclude Include="SceneManager.h">
      <Filter>Header Files</Filter>
    </ClInclude>
    <ClInclude Include="Character.h">
      <Filter>Header Files\Character</Filter>
    </ClInclude>
    <ClInclude Include="Scene.h">
      <Filter>Header Files\Scene%27s</Filter>
    </ClInclude>
    <ClInclude Include="Test.h">
      <Filter>Header Files\Scene%27s</Filter>
    </ClInclude>
    <ClInclude Include="Champion.h">
      <Filter>Header Files\Character\Champions</Filter>
    </ClInclude>
    <ClInclude Include="Barbarian.h">
      <Filter>Header Files\Character\Champions</Filter>
    </ClInclude>
    <ClInclude Include="Monster.h">
      <Filter>Header Files\Character\Monster</Filter>
    </ClInclude>
    <ClInclude Include="Town.h">
      <Filter>Header Files\Scene%27s</Filter>
    </ClInclude>
    <ClInclude Include="Party.h">
      <Filter>Header Files</Filter>
    </ClInclude>
    <ClInclude Include="Battle.h">
      <Filter>Header Files\Scene%27s</Filter>
    </ClInclude>
    <ClInclude Include="Bob.h">
      <Filter>Header Files\Character\Monster</Filter>
    </ClInclude>
    <ClInclude Include="Encounter.h">
      <Filter>Header Files\Scene%27s</Filter>
    </ClInclude>
  </ItemGroup>
  <ItemGroup>
    <ClCompile Include="pch.cpp">
      <Filter>Source Files</Filter>
    </ClCompile>
    <ClCompile Include="Engine.cpp">
      <Filter>Source Files</Filter>
    </ClCompile>
    <ClCompile Include="Main.cpp">
      <Filter>Source Files</Filter>
    </ClCompile>
    <ClCompile Include="Debug.cpp">
      <Filter>Source Files</Filter>
    </ClCompile>
    <ClCompile Include="SceneManager.cpp">
      <Filter>Source Files</Filter>
    </ClCompile>
    <ClCompile Include="MapCharacter.cpp">
      <Filter>Source Files</Filter>
    </ClCompile>
    <ClCompile Include="Test.cpp">
      <Filter>Source Files\Scene%27s</Filter>
    </ClCompile>
    <ClCompile Include="Town.cpp">
      <Filter>Source Files\Scene%27s</Filter>
    </ClCompile>
    <ClCompile Include="Battle.cpp">
      <Filter>Source Files\Scene%27s</Filter>
    </ClCompile>
    <ClCompile Include="Bob.cpp">
      <Filter>Source Files\Monster</Filter>
    </ClCompile>
    <ClCompile Include="Barbarian.cpp">
      <Filter>Source Files\Character</Filter>
    </ClCompile>
  </ItemGroup>
</Project>